
Microsoft Visual Studio Solution File, Format Version 12.00
# Visual Studio 15
VisualStudioVersion = 15.0.27130.2020
MinimumVisualStudioVersion = 10.0.40219.1
Project("{9A19103F-16F7-4668-BE54-9A1E7A4F7556}") = "phirSOFT.SettingsService", "phirSOFT.SettingsService\phirSOFT.SettingsService.csproj", "{1BE70641-6F1F-49FA-93BD-BDE627FB22B1}"
EndProject
Project("{9A19103F-16F7-4668-BE54-9A1E7A4F7556}") = "phirSOFT.SettingsService.Json", "phirSOFT.SettingsService.Json\phirSOFT.SettingsService.Json.csproj", "{16722E85-787F-4FFB-ACB5-CC3B1C86921C}"
EndProject
Project("{FAE04EC0-301F-11D3-BF4B-00C04F79EFBC}") = "phirSOFT.SettingsService.Prism", "phirSOFT.SettingsService.Prism\phirSOFT.SettingsService.Prism.csproj", "{0B185839-665E-4D0E-870E-049D910E75BE}"
EndProject
Project("{FAE04EC0-301F-11D3-BF4B-00C04F79EFBC}") = "phirSOFT.SettingsService.Prism.Unity", "phirSOFT.SettingsService.Prism.Unity\phirSOFT.SettingsService.Prism.Unity.csproj", "{BAC94C2F-1261-418F-BEDE-78EF65EFA75C}"
EndProject
Project("{FAE04EC0-301F-11D3-BF4B-00C04F79EFBC}") = "phirSOFT.SettingsService.Json.Test", "phirSOFT.SettingsService.Json.Test\phirSOFT.SettingsService.Json.Test.csproj", "{D3A29052-D926-4275-9BBC-A9521877101B}"
EndProject
Project("{FAE04EC0-301F-11D3-BF4B-00C04F79EFBC}") = "phirSOFT.SettingsService.Unity", "phirSOFT.SettingsService.Unity\phirSOFT.SettingsService.Unity.csproj", "{EBC4F54A-13BF-442D-B746-C9B71F4AB2EB}"
EndProject
Project("{FAE04EC0-301F-11D3-BF4B-00C04F79EFBC}") = "phirSOFT.SettingsService.Unity.Test", "phirSOFT.SettingsService.Unity.Test\phirSOFT.SettingsService.Unity.Test.csproj", "{8EDF4429-251A-416D-BB68-93F227191BCF}"
EndProject
Global
	GlobalSection(SolutionConfigurationPlatforms) = preSolution
		Debug|Any CPU = Debug|Any CPU
		Release|Any CPU = Release|Any CPU
	EndGlobalSection
	GlobalSection(ProjectConfigurationPlatforms) = postSolution
		{1BE70641-6F1F-49FA-93BD-BDE627FB22B1}.Debug|Any CPU.ActiveCfg = Debug|Any CPU
		{1BE70641-6F1F-49FA-93BD-BDE627FB22B1}.Debug|Any CPU.Build.0 = Debug|Any CPU
		{1BE70641-6F1F-49FA-93BD-BDE627FB22B1}.Release|Any CPU.ActiveCfg = Release|Any CPU
		{1BE70641-6F1F-49FA-93BD-BDE627FB22B1}.Release|Any CPU.Build.0 = Release|Any CPU
		{16722E85-787F-4FFB-ACB5-CC3B1C86921C}.Debug|Any CPU.ActiveCfg = Debug|Any CPU
		{16722E85-787F-4FFB-ACB5-CC3B1C86921C}.Debug|Any CPU.Build.0 = Debug|Any CPU
		{16722E85-787F-4FFB-ACB5-CC3B1C86921C}.Release|Any CPU.ActiveCfg = Release|Any CPU
		{16722E85-787F-4FFB-ACB5-CC3B1C86921C}.Release|Any CPU.Build.0 = Release|Any CPU
		{0B185839-665E-4D0E-870E-049D910E75BE}.Debug|Any CPU.ActiveCfg = Debug|Any CPU
		{0B185839-665E-4D0E-870E-049D910E75BE}.Debug|Any CPU.Build.0 = Debug|Any CPU
		{0B185839-665E-4D0E-870E-049D910E75BE}.Release|Any CPU.ActiveCfg = Release|Any CPU
		{0B185839-665E-4D0E-870E-049D910E75BE}.Release|Any CPU.Build.0 = Release|Any CPU
		{BAC94C2F-1261-418F-BEDE-78EF65EFA75C}.Debug|Any CPU.ActiveCfg = Debug|Any CPU
		{BAC94C2F-1261-418F-BEDE-78EF65EFA75C}.Debug|Any CPU.Build.0 = Debug|Any CPU
		{BAC94C2F-1261-418F-BEDE-78EF65EFA75C}.Release|Any CPU.ActiveCfg = Release|Any CPU
		{BAC94C2F-1261-418F-BEDE-78EF65EFA75C}.Release|Any CPU.Build.0 = Release|Any CPU
		{D3A29052-D926-4275-9BBC-A9521877101B}.Debug|Any CPU.ActiveCfg = Debug|Any CPU
		{D3A29052-D926-4275-9BBC-A9521877101B}.Debug|Any CPU.Build.0 = Debug|Any CPU
		{D3A29052-D926-4275-9BBC-A9521877101B}.Release|Any CPU.ActiveCfg = Release|Any CPU
		{D3A29052-D926-4275-9BBC-A9521877101B}.Release|Any CPU.Build.0 = Release|Any CPU
		{EBC4F54A-13BF-442D-B746-C9B71F4AB2EB}.Debug|Any CPU.ActiveCfg = Debug|Any CPU
		{EBC4F54A-13BF-442D-B746-C9B71F4AB2EB}.Debug|Any CPU.Build.0 = Debug|Any CPU
		{EBC4F54A-13BF-442D-B746-C9B71F4AB2EB}.Release|Any CPU.ActiveCfg = Release|Any CPU
		{EBC4F54A-13BF-442D-B746-C9B71F4AB2EB}.Release|Any CPU.Build.0 = Release|Any CPU
		{8EDF4429-251A-416D-BB68-93F227191BCF}.Debug|Any CPU.ActiveCfg = Debug|Any CPU
		{8EDF4429-251A-416D-BB68-93F227191BCF}.Debug|Any CPU.Build.0 = Debug|Any CPU
		{8EDF4429-251A-416D-BB68-93F227191BCF}.Release|Any CPU.ActiveCfg = Release|Any CPU
		{8EDF4429-251A-416D-BB68-93F227191BCF}.Release|Any CPU.Build.0 = Release|Any CPU
	EndGlobalSection
	GlobalSection(SolutionProperties) = preSolution
		HideSolutionNode = FALSE
	EndGlobalSection
	GlobalSection(ExtensibilityGlobals) = postSolution
		SolutionGuid = {F771D253-D3DB-4CB8-BC84-50CBD4851EB5}
	EndGlobalSection
EndGlobal
