
Microsoft Visual Studio Solution File, Format Version 12.00
# Visual Studio Version 16
VisualStudioVersion = 16.0.29215.179
MinimumVisualStudioVersion = 10.0.40219.1
Project("{9A19103F-16F7-4668-BE54-9A1E7A4F7556}") = "phirSOFT.SettingsService", "phirSOFT.SettingsService\phirSOFT.SettingsService.csproj", "{1BE70641-6F1F-49FA-93BD-BDE627FB22B1}"
EndProject
Project("{9A19103F-16F7-4668-BE54-9A1E7A4F7556}") = "phirSOFT.SettingsService.Abstractions", "phirSOFT.SettingsService.Abstractions\phirSOFT.SettingsService.Abstractions.csproj", "{079213BD-0975-4B46-B37B-F18AD640681B}"
EndProject
Project("{2150E333-8FDC-42A3-9474-1A3956D46DE8}") = "Ci-Pipeline", "Ci-Pipeline", "{8210544E-8E15-4933-AEE1-DC348656773D}"
	ProjectSection(SolutionItems) = preProject
		azure-pipeline.yml = azure-pipeline.yml
		GitVersion.yml = GitVersion.yml
		global.json = global.json
	EndProjectSection
EndProject
Project("{2150E333-8FDC-42A3-9474-1A3956D46DE8}") = "Changelog", "Changelog", "{4B680FF6-F8F4-42EB-8724-AA98E094F9EC}"
	ProjectSection(SolutionItems) = preProject
		Changelog.txt = Changelog.txt
		ReleaseNotes.md = ReleaseNotes.md
	EndProjectSection
EndProject
Global
	GlobalSection(SolutionConfigurationPlatforms) = preSolution
		Debug|Any CPU = Debug|Any CPU
		Release|Any CPU = Release|Any CPU
	EndGlobalSection
	GlobalSection(ProjectConfigurationPlatforms) = postSolution
		{1BE70641-6F1F-49FA-93BD-BDE627FB22B1}.Debug|Any CPU.ActiveCfg = Debug|Any CPU
		{1BE70641-6F1F-49FA-93BD-BDE627FB22B1}.Debug|Any CPU.Build.0 = Debug|Any CPU
		{1BE70641-6F1F-49FA-93BD-BDE627FB22B1}.Release|Any CPU.ActiveCfg = Release|Any CPU
		{1BE70641-6F1F-49FA-93BD-BDE627FB22B1}.Release|Any CPU.Build.0 = Release|Any CPU
		{079213BD-0975-4B46-B37B-F18AD640681B}.Debug|Any CPU.ActiveCfg = Debug|Any CPU
		{079213BD-0975-4B46-B37B-F18AD640681B}.Debug|Any CPU.Build.0 = Debug|Any CPU
		{079213BD-0975-4B46-B37B-F18AD640681B}.Release|Any CPU.ActiveCfg = Release|Any CPU
		{079213BD-0975-4B46-B37B-F18AD640681B}.Release|Any CPU.Build.0 = Release|Any CPU
	EndGlobalSection
	GlobalSection(SolutionProperties) = preSolution
		HideSolutionNode = FALSE
	EndGlobalSection
	GlobalSection(ExtensibilityGlobals) = postSolution
		SolutionGuid = {9A19103F-16F7-4668-BE54-9A1E7A4F7556}
	EndGlobalSection
EndGlobal
